// !$*UTF8*$!
{
	archiveVersion = 1;
	classes = {
	};
	objectVersion = 56;
	objects = {

/* Begin PBXBuildFile section */
		26B17D9F2AA713F5007D8BD9 /* test01App.swift in Sources */ = {isa = PBXBuildFile; fileRef = 26B17D9E2AA713F5007D8BD9 /* test01App.swift */; };
		26B17DA12AA713F5007D8BD9 /* ContentView.swift in Sources */ = {isa = PBXBuildFile; fileRef = 26B17DA02AA713F5007D8BD9 /* ContentView.swift */; };
		26B17DA32AA713F5007D8BD9 /* Assets.xcassets in Resources */ = {isa = PBXBuildFile; fileRef = 26B17DA22AA713F5007D8BD9 /* Assets.xcassets */; };
		26B17DA62AA713F5007D8BD9 /* Preview Assets.xcassets in Resources */ = {isa = PBXBuildFile; fileRef = 26B17DA52AA713F5007D8BD9 /* Preview Assets.xcassets */; };
		26B17DB02AA713F5007D8BD9 /* test01Tests.swift in Sources */ = {isa = PBXBuildFile; fileRef = 26B17DAF2AA713F5007D8BD9 /* test01Tests.swift */; };
		26B17DBA2AA713F6007D8BD9 /* test01UITests.swift in Sources */ = {isa = PBXBuildFile; fileRef = 26B17DB92AA713F6007D8BD9 /* test01UITests.swift */; };
		26B17DBC2AA713F6007D8BD9 /* test01UITestsLaunchTests.swift in Sources */ = {isa = PBXBuildFile; fileRef = 26B17DBB2AA713F6007D8BD9 /* test01UITestsLaunchTests.swift */; };
		26B17DE52AA800E0007D8BD9 /* CartView.swift in Sources */ = {isa = PBXBuildFile; fileRef = 26B17DE42AA800E0007D8BD9 /* CartView.swift */; };
		26B17DE92AA80D40007D8BD9 /* WishListView.swift in Sources */ = {isa = PBXBuildFile; fileRef = 26B17DE82AA80D40007D8BD9 /* WishListView.swift */; };
		26B17DEB2AA8103D007D8BD9 /* WishListViewModel.swift in Sources */ = {isa = PBXBuildFile; fileRef = 26B17DEA2AA8103D007D8BD9 /* WishListViewModel.swift */; };
		26B17DED2AA8367F007D8BD9 /* PaymentView.swift in Sources */ = {isa = PBXBuildFile; fileRef = 26B17DEC2AA8367F007D8BD9 /* PaymentView.swift */; };
/* End PBXBuildFile section */

/* Begin PBXContainerItemProxy section */
		26B17DAC2AA713F5007D8BD9 /* PBXContainerItemProxy */ = {
			isa = PBXContainerItemProxy;
			containerPortal = 26B17D932AA713F5007D8BD9 /* Project object */;
			proxyType = 1;
			remoteGlobalIDString = 26B17D9A2AA713F5007D8BD9;
			remoteInfo = test01;
		};
		26B17DB62AA713F6007D8BD9 /* PBXContainerItemProxy */ = {
			isa = PBXContainerItemProxy;
			containerPortal = 26B17D932AA713F5007D8BD9 /* Project object */;
			proxyType = 1;
			remoteGlobalIDString = 26B17D9A2AA713F5007D8BD9;
			remoteInfo = test01;
		};
/* End PBXContainerItemProxy section */

/* Begin PBXFileReference section */
		26B17D9B2AA713F5007D8BD9 /* test01.app */ = {isa = PBXFileReference; explicitFileType = wrapper.application; includeInIndex = 0; path = test01.app; sourceTree = BUILT_PRODUCTS_DIR; };
		26B17D9E2AA713F5007D8BD9 /* test01App.swift */ = {isa = PBXFileReference; lastKnownFileType = sourcecode.swift; path = test01App.swift; sourceTree = "<group>"; };
		26B17DA02AA713F5007D8BD9 /* ContentView.swift */ = {isa = PBXFileReference; lastKnownFileType = sourcecode.swift; path = ContentView.swift; sourceTree = "<group>"; };
		26B17DA22AA713F5007D8BD9 /* Assets.xcassets */ = {isa = PBXFileReference; lastKnownFileType = folder.assetcatalog; path = Assets.xcassets; sourceTree = "<group>"; };
		26B17DA52AA713F5007D8BD9 /* Preview Assets.xcassets */ = {isa = PBXFileReference; lastKnownFileType = folder.assetcatalog; path = "Preview Assets.xcassets"; sourceTree = "<group>"; };
		26B17DAB2AA713F5007D8BD9 /* test01Tests.xctest */ = {isa = PBXFileReference; explicitFileType = wrapper.cfbundle; includeInIndex = 0; path = test01Tests.xctest; sourceTree = BUILT_PRODUCTS_DIR; };
		26B17DAF2AA713F5007D8BD9 /* test01Tests.swift */ = {isa = PBXFileReference; lastKnownFileType = sourcecode.swift; path = test01Tests.swift; sourceTree = "<group>"; };
		26B17DB52AA713F6007D8BD9 /* test01UITests.xctest */ = {isa = PBXFileReference; explicitFileType = wrapper.cfbundle; includeInIndex = 0; path = test01UITests.xctest; sourceTree = BUILT_PRODUCTS_DIR; };
		26B17DB92AA713F6007D8BD9 /* test01UITests.swift */ = {isa = PBXFileReference; lastKnownFileType = sourcecode.swift; path = test01UITests.swift; sourceTree = "<group>"; };
		26B17DBB2AA713F6007D8BD9 /* test01UITestsLaunchTests.swift */ = {isa = PBXFileReference; lastKnownFileType = sourcecode.swift; path = test01UITestsLaunchTests.swift; sourceTree = "<group>"; };
		26B17DE42AA800E0007D8BD9 /* CartView.swift */ = {isa = PBXFileReference; lastKnownFileType = sourcecode.swift; path = CartView.swift; sourceTree = "<group>"; };
		26B17DE82AA80D40007D8BD9 /* WishListView.swift */ = {isa = PBXFileReference; lastKnownFileType = sourcecode.swift; path = WishListView.swift; sourceTree = "<group>"; };
		26B17DEA2AA8103D007D8BD9 /* WishListViewModel.swift */ = {isa = PBXFileReference; lastKnownFileType = sourcecode.swift; path = WishListViewModel.swift; sourceTree = "<group>"; };
		26B17DEC2AA8367F007D8BD9 /* PaymentView.swift */ = {isa = PBXFileReference; lastKnownFileType = sourcecode.swift; path = PaymentView.swift; sourceTree = "<group>"; };
/* End PBXFileReference section */

/* Begin PBXFrameworksBuildPhase section */
		26B17D982AA713F5007D8BD9 /* Frameworks */ = {
			isa = PBXFrameworksBuildPhase;
			buildActionMask = 2147483647;
			files = (
			);
			runOnlyForDeploymentPostprocessing = 0;
		};
		26B17DA82AA713F5007D8BD9 /* Frameworks */ = {
			isa = PBXFrameworksBuildPhase;
			buildActionMask = 2147483647;
			files = (
			);
			runOnlyForDeploymentPostprocessing = 0;
		};
		26B17DB22AA713F6007D8BD9 /* Frameworks */ = {
			isa = PBXFrameworksBuildPhase;
			buildActionMask = 2147483647;
			files = (
			);
			runOnlyForDeploymentPostprocessing = 0;
		};
/* End PBXFrameworksBuildPhase section */

/* Begin PBXGroup section */
		26B17D922AA713F5007D8BD9 = {
			isa = PBXGroup;
			children = (
				26B17D9D2AA713F5007D8BD9 /* test01 */,
				26B17DAE2AA713F5007D8BD9 /* test01Tests */,
				26B17DB82AA713F6007D8BD9 /* test01UITests */,
				26B17D9C2AA713F5007D8BD9 /* Products */,
			);
			sourceTree = "<group>";
		};
		26B17D9C2AA713F5007D8BD9 /* Products */ = {
			isa = PBXGroup;
			children = (
				26B17D9B2AA713F5007D8BD9 /* test01.app */,
				26B17DAB2AA713F5007D8BD9 /* test01Tests.xctest */,
				26B17DB52AA713F6007D8BD9 /* test01UITests.xctest */,
			);
			name = Products;
			sourceTree = "<group>";
		};
		26B17D9D2AA713F5007D8BD9 /* test01 */ = {
			isa = PBXGroup;
			children = (
				26B17D9E2AA713F5007D8BD9 /* test01App.swift */,
				26B17DA02AA713F5007D8BD9 /* ContentView.swift */,
				26B17DA22AA713F5007D8BD9 /* Assets.xcassets */,
				26B17DDE2AA80046007D8BD9 /* Feature */,
				26B17DA42AA713F5007D8BD9 /* Preview Content */,
			);
			path = test01;
			sourceTree = "<group>";
		};
		26B17DA42AA713F5007D8BD9 /* Preview Content */ = {
			isa = PBXGroup;
			children = (
				26B17DA52AA713F5007D8BD9 /* Preview Assets.xcassets */,
			);
			path = "Preview Content";
			sourceTree = "<group>";
		};
		26B17DAE2AA713F5007D8BD9 /* test01Tests */ = {
			isa = PBXGroup;
			children = (
				26B17DAF2AA713F5007D8BD9 /* test01Tests.swift */,
			);
			path = test01Tests;
			sourceTree = "<group>";
		};
		26B17DB82AA713F6007D8BD9 /* test01UITests */ = {
			isa = PBXGroup;
			children = (
				26B17DB92AA713F6007D8BD9 /* test01UITests.swift */,
				26B17DBB2AA713F6007D8BD9 /* test01UITestsLaunchTests.swift */,
			);
			path = test01UITests;
			sourceTree = "<group>";
		};
		26B17DDE2AA80046007D8BD9 /* Feature */ = {
			isa = PBXGroup;
			children = (
				26B17DDF2AA80056007D8BD9 /* Cart */,
			);
			name = Feature;
			sourceTree = "<group>";
		};
		26B17DDF2AA80056007D8BD9 /* Cart */ = {
			isa = PBXGroup;
			children = (
				26B17DE32AA80070007D8BD9 /* Services */,
				26B17DE22AA80069007D8BD9 /* Stores */,
				26B17DE12AA80064007D8BD9 /* Models */,
				26B17DE02AA8005D007D8BD9 /* Views */,
			);
			name = Cart;
			sourceTree = "<group>";
		};
		26B17DE02AA8005D007D8BD9 /* Views */ = {
			isa = PBXGroup;
			children = (
				26B17DE42AA800E0007D8BD9 /* CartView.swift */,
				26B17DE82AA80D40007D8BD9 /* WishListView.swift */,
				26B17DEC2AA8367F007D8BD9 /* PaymentView.swift */,
			);
			name = Views;
			sourceTree = "<group>";
		};
		26B17DE12AA80064007D8BD9 /* Models */ = {
			isa = PBXGroup;
			children = (
				26B17DEA2AA8103D007D8BD9 /* WishListViewModel.swift */,
			);
			name = Models;
			sourceTree = "<group>";
		};
		26B17DE22AA80069007D8BD9 /* Stores */ = {
			isa = PBXGroup;
			children = (
			);
			name = Stores;
			sourceTree = "<group>";
		};
		26B17DE32AA80070007D8BD9 /* Services */ = {
			isa = PBXGroup;
			children = (
			);
			name = Services;
			sourceTree = "<group>";
		};
/* End PBXGroup section */

/* Begin PBXNativeTarget section */
		26B17D9A2AA713F5007D8BD9 /* test01 */ = {
			isa = PBXNativeTarget;
			buildConfigurationList = 26B17DBF2AA713F6007D8BD9 /* Build configuration list for PBXNativeTarget "test01" */;
			buildPhases = (
				26B17D972AA713F5007D8BD9 /* Sources */,
				26B17D982AA713F5007D8BD9 /* Frameworks */,
				26B17D992AA713F5007D8BD9 /* Resources */,
			);
			buildRules = (
			);
			dependencies = (
			);
			name = test01;
			productName = test01;
			productReference = 26B17D9B2AA713F5007D8BD9 /* test01.app */;
			productType = "com.apple.product-type.application";
		};
		26B17DAA2AA713F5007D8BD9 /* test01Tests */ = {
			isa = PBXNativeTarget;
			buildConfigurationList = 26B17DC22AA713F6007D8BD9 /* Build configuration list for PBXNativeTarget "test01Tests" */;
			buildPhases = (
				26B17DA72AA713F5007D8BD9 /* Sources */,
				26B17DA82AA713F5007D8BD9 /* Frameworks */,
				26B17DA92AA713F5007D8BD9 /* Resources */,
			);
			buildRules = (
			);
			dependencies = (
				26B17DAD2AA713F5007D8BD9 /* PBXTargetDependency */,
			);
			name = test01Tests;
			productName = test01Tests;
			productReference = 26B17DAB2AA713F5007D8BD9 /* test01Tests.xctest */;
			productType = "com.apple.product-type.bundle.unit-test";
		};
		26B17DB42AA713F6007D8BD9 /* test01UITests */ = {
			isa = PBXNativeTarget;
			buildConfigurationList = 26B17DC52AA713F6007D8BD9 /* Build configuration list for PBXNativeTarget "test01UITests" */;
			buildPhases = (
				26B17DB12AA713F6007D8BD9 /* Sources */,
				26B17DB22AA713F6007D8BD9 /* Frameworks */,
				26B17DB32AA713F6007D8BD9 /* Resources */,
			);
			buildRules = (
			);
			dependencies = (
				26B17DB72AA713F6007D8BD9 /* PBXTargetDependency */,
			);
			name = test01UITests;
			productName = test01UITests;
			productReference = 26B17DB52AA713F6007D8BD9 /* test01UITests.xctest */;
			productType = "com.apple.product-type.bundle.ui-testing";
		};
/* End PBXNativeTarget section */

/* Begin PBXProject section */
		26B17D932AA713F5007D8BD9 /* Project object */ = {
			isa = PBXProject;
			attributes = {
				BuildIndependentTargetsInParallel = 1;
				LastSwiftUpdateCheck = 1430;
				LastUpgradeCheck = 1430;
				TargetAttributes = {
					26B17D9A2AA713F5007D8BD9 = {
						CreatedOnToolsVersion = 14.3.1;
					};
					26B17DAA2AA713F5007D8BD9 = {
						CreatedOnToolsVersion = 14.3.1;
						TestTargetID = 26B17D9A2AA713F5007D8BD9;
					};
					26B17DB42AA713F6007D8BD9 = {
						CreatedOnToolsVersion = 14.3.1;
						TestTargetID = 26B17D9A2AA713F5007D8BD9;
					};
				};
			};
			buildConfigurationList = 26B17D962AA713F5007D8BD9 /* Build configuration list for PBXProject "test01" */;
			compatibilityVersion = "Xcode 14.0";
			developmentRegion = en;
			hasScannedForEncodings = 0;
			knownRegions = (
				en,
				Base,
			);
			mainGroup = 26B17D922AA713F5007D8BD9;
			productRefGroup = 26B17D9C2AA713F5007D8BD9 /* Products */;
			projectDirPath = "";
			projectRoot = "";
			targets = (
				26B17D9A2AA713F5007D8BD9 /* test01 */,
				26B17DAA2AA713F5007D8BD9 /* test01Tests */,
				26B17DB42AA713F6007D8BD9 /* test01UITests */,
			);
		};
/* End PBXProject section */

/* Begin PBXResourcesBuildPhase section */
		26B17D992AA713F5007D8BD9 /* Resources */ = {
			isa = PBXResourcesBuildPhase;
			buildActionMask = 2147483647;
			files = (
				26B17DA62AA713F5007D8BD9 /* Preview Assets.xcassets in Resources */,
				26B17DA32AA713F5007D8BD9 /* Assets.xcassets in Resources */,
			);
			runOnlyForDeploymentPostprocessing = 0;
		};
		26B17DA92AA713F5007D8BD9 /* Resources */ = {
			isa = PBXResourcesBuildPhase;
			buildActionMask = 2147483647;
			files = (
			);
			runOnlyForDeploymentPostprocessing = 0;
		};
		26B17DB32AA713F6007D8BD9 /* Resources */ = {
			isa = PBXResourcesBuildPhase;
			buildActionMask = 2147483647;
			files = (
			);
			runOnlyForDeploymentPostprocessing = 0;
		};
/* End PBXResourcesBuildPhase section */

/* Begin PBXSourcesBuildPhase section */
		26B17D972AA713F5007D8BD9 /* Sources */ = {
			isa = PBXSourcesBuildPhase;
			buildActionMask = 2147483647;
			files = (
				26B17DEB2AA8103D007D8BD9 /* WishListViewModel.swift in Sources */,
				26B17DED2AA8367F007D8BD9 /* PaymentView.swift in Sources */,
				26B17DE52AA800E0007D8BD9 /* CartView.swift in Sources */,
				26B17DA12AA713F5007D8BD9 /* ContentView.swift in Sources */,
				26B17D9F2AA713F5007D8BD9 /* test01App.swift in Sources */,
				26B17DE92AA80D40007D8BD9 /* WishListView.swift in Sources */,
			);
			runOnlyForDeploymentPostprocessing = 0;
		};
		26B17DA72AA713F5007D8BD9 /* Sources */ = {
			isa = PBXSourcesBuildPhase;
			buildActionMask = 2147483647;
			files = (
				26B17DB02AA713F5007D8BD9 /* test01Tests.swift in Sources */,
			);
			runOnlyForDeploymentPostprocessing = 0;
		};
		26B17DB12AA713F6007D8BD9 /* Sources */ = {
			isa = PBXSourcesBuildPhase;
			buildActionMask = 2147483647;
			files = (
				26B17DBA2AA713F6007D8BD9 /* test01UITests.swift in Sources */,
				26B17DBC2AA713F6007D8BD9 /* test01UITestsLaunchTests.swift in Sources */,
			);
			runOnlyForDeploymentPostprocessing = 0;
		};
/* End PBXSourcesBuildPhase section */

/* Begin PBXTargetDependency section */
		26B17DAD2AA713F5007D8BD9 /* PBXTargetDependency */ = {
			isa = PBXTargetDependency;
			target = 26B17D9A2AA713F5007D8BD9 /* test01 */;
			targetProxy = 26B17DAC2AA713F5007D8BD9 /* PBXContainerItemProxy */;
		};
		26B17DB72AA713F6007D8BD9 /* PBXTargetDependency */ = {
			isa = PBXTargetDependency;
			target = 26B17D9A2AA713F5007D8BD9 /* test01 */;
			targetProxy = 26B17DB62AA713F6007D8BD9 /* PBXContainerItemProxy */;
		};
/* End PBXTargetDependency section */

/* Begin XCBuildConfiguration section */
		26B17DBD2AA713F6007D8BD9 /* Debug */ = {
			isa = XCBuildConfiguration;
			buildSettings = {
				ALWAYS_SEARCH_USER_PATHS = NO;
				CLANG_ANALYZER_NONNULL = YES;
				CLANG_ANALYZER_NUMBER_OBJECT_CONVERSION = YES_AGGRESSIVE;
				CLANG_CXX_LANGUAGE_STANDARD = "gnu++20";
				CLANG_ENABLE_MODULES = YES;
				CLANG_ENABLE_OBJC_ARC = YES;
				CLANG_ENABLE_OBJC_WEAK = YES;
				CLANG_WARN_BLOCK_CAPTURE_AUTORELEASING = YES;
				CLANG_WARN_BOOL_CONVERSION = YES;
				CLANG_WARN_COMMA = YES;
				CLANG_WARN_CONSTANT_CONVERSION = YES;
				CLANG_WARN_DEPRECATED_OBJC_IMPLEMENTATIONS = YES;
				CLANG_WARN_DIRECT_OBJC_ISA_USAGE = YES_ERROR;
				CLANG_WARN_DOCUMENTATION_COMMENTS = YES;
				CLANG_WARN_EMPTY_BODY = YES;
				CLANG_WARN_ENUM_CONVERSION = YES;
				CLANG_WARN_INFINITE_RECURSION = YES;
				CLANG_WARN_INT_CONVERSION = YES;
				CLANG_WARN_NON_LITERAL_NULL_CONVERSION = YES;
				CLANG_WARN_OBJC_IMPLICIT_RETAIN_SELF = YES;
				CLANG_WARN_OBJC_LITERAL_CONVERSION = YES;
				CLANG_WARN_OBJC_ROOT_CLASS = YES_ERROR;
				CLANG_WARN_QUOTED_INCLUDE_IN_FRAMEWORK_HEADER = YES;
				CLANG_WARN_RANGE_LOOP_ANALYSIS = YES;
				CLANG_WARN_STRICT_PROTOTYPES = YES;
				CLANG_WARN_SUSPICIOUS_MOVE = YES;
				CLANG_WARN_UNGUARDED_AVAILABILITY = YES_AGGRESSIVE;
				CLANG_WARN_UNREACHABLE_CODE = YES;
				CLANG_WARN__DUPLICATE_METHOD_MATCH = YES;
				COPY_PHASE_STRIP = NO;
				DEBUG_INFORMATION_FORMAT = dwarf;
				ENABLE_STRICT_OBJC_MSGSEND = YES;
				ENABLE_TESTABILITY = YES;
				GCC_C_LANGUAGE_STANDARD = gnu11;
				GCC_DYNAMIC_NO_PIC = NO;
				GCC_NO_COMMON_BLOCKS = YES;
				GCC_OPTIMIZATION_LEVEL = 0;
				GCC_PREPROCESSOR_DEFINITIONS = (
					"DEBUG=1",
					"$(inherited)",
				);
				GCC_WARN_64_TO_32_BIT_CONVERSION = YES;
				GCC_WARN_ABOUT_RETURN_TYPE = YES_ERROR;
				GCC_WARN_UNDECLARED_SELECTOR = YES;
				GCC_WARN_UNINITIALIZED_AUTOS = YES_AGGRESSIVE;
				GCC_WARN_UNUSED_FUNCTION = YES;
				GCC_WARN_UNUSED_VARIABLE = YES;
				IPHONEOS_DEPLOYMENT_TARGET = 16.4;
				MTL_ENABLE_DEBUG_INFO = INCLUDE_SOURCE;
				MTL_FAST_MATH = YES;
				ONLY_ACTIVE_ARCH = YES;
				SDKROOT = iphoneos;
				SWIFT_ACTIVE_COMPILATION_CONDITIONS = DEBUG;
				SWIFT_OPTIMIZATION_LEVEL = "-Onone";
			};
			name = Debug;
		};
		26B17DBE2AA713F6007D8BD9 /* Release */ = {
			isa = XCBuildConfiguration;
			buildSettings = {
				ALWAYS_SEARCH_USER_PATHS = NO;
				CLANG_ANALYZER_NONNULL = YES;
				CLANG_ANALYZER_NUMBER_OBJECT_CONVERSION = YES_AGGRESSIVE;
				CLANG_CXX_LANGUAGE_STANDARD = "gnu++20";
				CLANG_ENABLE_MODULES = YES;
				CLANG_ENABLE_OBJC_ARC = YES;
				CLANG_ENABLE_OBJC_WEAK = YES;
				CLANG_WARN_BLOCK_CAPTURE_AUTORELEASING = YES;
				CLANG_WARN_BOOL_CONVERSION = YES;
				CLANG_WARN_COMMA = YES;
				CLANG_WARN_CONSTANT_CONVERSION = YES;
				CLANG_WARN_DEPRECATED_OBJC_IMPLEMENTATIONS = YES;
				CLANG_WARN_DIRECT_OBJC_ISA_USAGE = YES_ERROR;
				CLANG_WARN_DOCUMENTATION_COMMENTS = YES;
				CLANG_WARN_EMPTY_BODY = YES;
				CLANG_WARN_ENUM_CONVERSION = YES;
				CLANG_WARN_INFINITE_RECURSION = YES;
				CLANG_WARN_INT_CONVERSION = YES;
				CLANG_WARN_NON_LITERAL_NULL_CONVERSION = YES;
				CLANG_WARN_OBJC_IMPLICIT_RETAIN_SELF = YES;
				CLANG_WARN_OBJC_LITERAL_CONVERSION = YES;
				CLANG_WARN_OBJC_ROOT_CLASS = YES_ERROR;
				CLANG_WARN_QUOTED_INCLUDE_IN_FRAMEWORK_HEADER = YES;
				CLANG_WARN_RANGE_LOOP_ANALYSIS = YES;
				CLANG_WARN_STRICT_PROTOTYPES = YES;
				CLANG_WARN_SUSPICIOUS_MOVE = YES;
				CLANG_WARN_UNGUARDED_AVAILABILITY = YES_AGGRESSIVE;
				CLANG_WARN_UNREACHABLE_CODE = YES;
				CLANG_WARN__DUPLICATE_METHOD_MATCH = YES;
				COPY_PHASE_STRIP = NO;
				DEBUG_INFORMATION_FORMAT = "dwarf-with-dsym";
				ENABLE_NS_ASSERTIONS = NO;
				ENABLE_STRICT_OBJC_MSGSEND = YES;
				GCC_C_LANGUAGE_STANDARD = gnu11;
				GCC_NO_COMMON_BLOCKS = YES;
				GCC_WARN_64_TO_32_BIT_CONVERSION = YES;
				GCC_WARN_ABOUT_RETURN_TYPE = YES_ERROR;
				GCC_WARN_UNDECLARED_SELECTOR = YES;
				GCC_WARN_UNINITIALIZED_AUTOS = YES_AGGRESSIVE;
				GCC_WARN_UNUSED_FUNCTION = YES;
				GCC_WARN_UNUSED_VARIABLE = YES;
				IPHONEOS_DEPLOYMENT_TARGET = 16.4;
				MTL_ENABLE_DEBUG_INFO = NO;
				MTL_FAST_MATH = YES;
				SDKROOT = iphoneos;
				SWIFT_COMPILATION_MODE = wholemodule;
				SWIFT_OPTIMIZATION_LEVEL = "-O";
				VALIDATE_PRODUCT = YES;
			};
			name = Release;
		};
		26B17DC02AA713F6007D8BD9 /* Debug */ = {
			isa = XCBuildConfiguration;
			buildSettings = {
				ASSETCATALOG_COMPILER_APPICON_NAME = AppIcon;
				ASSETCATALOG_COMPILER_GLOBAL_ACCENT_COLOR_NAME = AccentColor;
				CODE_SIGN_STYLE = Automatic;
				CURRENT_PROJECT_VERSION = 1;
				DEVELOPMENT_ASSET_PATHS = "\"test01/Preview Content\"";
				DEVELOPMENT_TEAM = QPDX8WU9YL;
				ENABLE_PREVIEWS = YES;
				GENERATE_INFOPLIST_FILE = YES;
				INFOPLIST_KEY_UIApplicationSceneManifest_Generation = YES;
				INFOPLIST_KEY_UIApplicationSupportsIndirectInputEvents = YES;
				INFOPLIST_KEY_UILaunchScreen_Generation = YES;
				INFOPLIST_KEY_UISupportedInterfaceOrientations_iPad = "UIInterfaceOrientationPortrait UIInterfaceOrientationPortraitUpsideDown UIInterfaceOrientationLandscapeLeft UIInterfaceOrientationLandscapeRight";
				INFOPLIST_KEY_UISupportedInterfaceOrientations_iPhone = "UIInterfaceOrientationPortrait UIInterfaceOrientationLandscapeLeft UIInterfaceOrientationLandscapeRight";
				LD_RUNPATH_SEARCH_PATHS = (
					"$(inherited)",
					"@executable_path/Frameworks",
				);
				MARKETING_VERSION = 1.0;
				PRODUCT_BUNDLE_IDENTIFIER = com.test.test01;
				PRODUCT_NAME = "$(TARGET_NAME)";
				SWIFT_EMIT_LOC_STRINGS = YES;
				SWIFT_VERSION = 5.0;
				TARGETED_DEVICE_FAMILY = "1,2";
			};
			name = Debug;
		};
		26B17DC12AA713F6007D8BD9 /* Release */ = {
			isa = XCBuildConfiguration;
			buildSettings = {
				ASSETCATALOG_COMPILER_APPICON_NAME = AppIcon;
				ASSETCATALOG_COMPILER_GLOBAL_ACCENT_COLOR_NAME = AccentColor;
				CODE_SIGN_STYLE = Automatic;
				CURRENT_PROJECT_VERSION = 1;
				DEVELOPMENT_ASSET_PATHS = "\"test01/Preview Content\"";
				DEVELOPMENT_TEAM = QPDX8WU9YL;
				ENABLE_PREVIEWS = YES;
				GENERATE_INFOPLIST_FILE = YES;
				INFOPLIST_KEY_UIApplicationSceneManifest_Generation = YES;
				INFOPLIST_KEY_UIApplicationSupportsIndirectInputEvents = YES;
				INFOPLIST_KEY_UILaunchScreen_Generation = YES;
				INFOPLIST_KEY_UISupportedInterfaceOrientations_iPad = "UIInterfaceOrientationPortrait UIInterfaceOrientationPortraitUpsideDown UIInterfaceOrientationLandscapeLeft UIInterfaceOrientationLandscapeRight";
				INFOPLIST_KEY_UISupportedInterfaceOrientations_iPhone = "UIInterfaceOrientationPortrait UIInterfaceOrientationLandscapeLeft UIInterfaceOrientationLandscapeRight";
				LD_RUNPATH_SEARCH_PATHS = (
					"$(inherited)",
					"@executable_path/Frameworks",
				);
				MARKETING_VERSION = 1.0;
				PRODUCT_BUNDLE_IDENTIFIER = com.test.test01;
				PRODUCT_NAME = "$(TARGET_NAME)";
				SWIFT_EMIT_LOC_STRINGS = YES;
				SWIFT_VERSION = 5.0;
				TARGETED_DEVICE_FAMILY = "1,2";
			};
			name = Release;
		};
		26B17DC32AA713F6007D8BD9 /* Debug */ = {
			isa = XCBuildConfiguration;
			buildSettings = {
				ALWAYS_EMBED_SWIFT_STANDARD_LIBRARIES = YES;
				BUNDLE_LOADER = "$(TEST_HOST)";
				CODE_SIGN_STYLE = Automatic;
				CURRENT_PROJECT_VERSION = 1;
				DEVELOPMENT_TEAM = QPDX8WU9YL;
				GENERATE_INFOPLIST_FILE = YES;
				IPHONEOS_DEPLOYMENT_TARGET = 16.4;
				MARKETING_VERSION = 1.0;
				PRODUCT_BUNDLE_IDENTIFIER = com.test.test01Tests;
				PRODUCT_NAME = "$(TARGET_NAME)";
				SWIFT_EMIT_LOC_STRINGS = NO;
				SWIFT_VERSION = 5.0;
				TARGETED_DEVICE_FAMILY = "1,2";
				TEST_HOST = "$(BUILT_PRODUCTS_DIR)/test01.app/$(BUNDLE_EXECUTABLE_FOLDER_PATH)/test01";
			};
			name = Debug;
		};
		26B17DC42AA713F6007D8BD9 /* Release */ = {
			isa = XCBuildConfiguration;
			buildSettings = {
				ALWAYS_EMBED_SWIFT_STANDARD_LIBRARIES = YES;
				BUNDLE_LOADER = "$(TEST_HOST)";
				CODE_SIGN_STYLE = Automatic;
				CURRENT_PROJECT_VERSION = 1;
				DEVELOPMENT_TEAM = QPDX8WU9YL;
				GENERATE_INFOPLIST_FILE = YES;
				IPHONEOS_DEPLOYMENT_TARGET = 16.4;
				MARKETING_VERSION = 1.0;
				PRODUCT_BUNDLE_IDENTIFIER = com.test.test01Tests;
				PRODUCT_NAME = "$(TARGET_NAME)";
				SWIFT_EMIT_LOC_STRINGS = NO;
				SWIFT_VERSION = 5.0;
				TARGETED_DEVICE_FAMILY = "1,2";
				TEST_HOST = "$(BUILT_PRODUCTS_DIR)/test01.app/$(BUNDLE_EXECUTABLE_FOLDER_PATH)/test01";
			};
			name = Release;
		};
		26B17DC62AA713F6007D8BD9 /* Debug */ = {
			isa = XCBuildConfiguration;
			buildSettings = {
				ALWAYS_EMBED_SWIFT_STANDARD_LIBRARIES = YES;
				CODE_SIGN_STYLE = Automatic;
				CURRENT_PROJECT_VERSION = 1;
				DEVELOPMENT_TEAM = QPDX8WU9YL;
				GENERATE_INFOPLIST_FILE = YES;
				MARKETING_VERSION = 1.0;
				PRODUCT_BUNDLE_IDENTIFIER = com.test.test01UITests;
				PRODUCT_NAME = "$(TARGET_NAME)";
				SWIFT_EMIT_LOC_STRINGS = NO;
				SWIFT_VERSION = 5.0;
				TARGETED_DEVICE_FAMILY = "1,2";
				TEST_TARGET_NAME = test01;
			};
			name = Debug;
		};
		26B17DC72AA713F6007D8BD9 /* Release */ = {
			isa = XCBuildConfiguration;
			buildSettings = {
				ALWAYS_EMBED_SWIFT_STANDARD_LIBRARIES = YES;
				CODE_SIGN_STYLE = Automatic;
				CURRENT_PROJECT_VERSION = 1;
				DEVELOPMENT_TEAM = QPDX8WU9YL;
				GENERATE_INFOPLIST_FILE = YES;
				MARKETING_VERSION = 1.0;
				PRODUCT_BUNDLE_IDENTIFIER = com.test.test01UITests;
				PRODUCT_NAME = "$(TARGET_NAME)";
				SWIFT_EMIT_LOC_STRINGS = NO;
				SWIFT_VERSION = 5.0;
				TARGETED_DEVICE_FAMILY = "1,2";
				TEST_TARGET_NAME = test01;
			};
			name = Release;
		};
/* End XCBuildConfiguration section */

/* Begin XCConfigurationList section */
		26B17D962AA713F5007D8BD9 /* Build configuration list for PBXProject "test01" */ = {
			isa = XCConfigurationList;
			buildConfigurations = (
				26B17DBD2AA713F6007D8BD9 /* Debug */,
				26B17DBE2AA713F6007D8BD9 /* Release */,
			);
			defaultConfigurationIsVisible = 0;
			defaultConfigurationName = Release;
		};
		26B17DBF2AA713F6007D8BD9 /* Build configuration list for PBXNativeTarget "test01" */ = {
			isa = XCConfigurationList;
			buildConfigurations = (
				26B17DC02AA713F6007D8BD9 /* Debug */,
				26B17DC12AA713F6007D8BD9 /* Release */,
			);
			defaultConfigurationIsVisible = 0;
			defaultConfigurationName = Release;
		};
		26B17DC22AA713F6007D8BD9 /* Build configuration list for PBXNativeTarget "test01Tests" */ = {
			isa = XCConfigurationList;
			buildConfigurations = (
				26B17DC32AA713F6007D8BD9 /* Debug */,
				26B17DC42AA713F6007D8BD9 /* Release */,
			);
			defaultConfigurationIsVisible = 0;
			defaultConfigurationName = Release;
		};
		26B17DC52AA713F6007D8BD9 /* Build configuration list for PBXNativeTarget "test01UITests" */ = {
			isa = XCConfigurationList;
			buildConfigurations = (
				26B17DC62AA713F6007D8BD9 /* Debug */,
				26B17DC72AA713F6007D8BD9 /* Release */,
			);
			defaultConfigurationIsVisible = 0;
			defaultConfigurationName = Release;
		};
/* End XCConfigurationList section */
	};
	rootObject = 26B17D932AA713F5007D8BD9 /* Project object */;
}
